// !$*UTF8*$!
{
	archiveVersion = 1;
	classes = {
	};
	objectVersion = 77;
	objects = {

/* Begin PBXCopyFilesBuildPhase section */
		C1780D482E9A34D900548287 /* CopyFiles */ = {
			isa = PBXCopyFilesBuildPhase;
			buildActionMask = 2147483647;
			dstPath = /usr/share/man/man1/;
			dstSubfolderSpec = 0;
			files = (
			);
			runOnlyForDeploymentPostprocessing = 1;
		};
		C1780D562E9A350200548287 /* CopyFiles */ = {
			isa = PBXCopyFilesBuildPhase;
			buildActionMask = 2147483647;
			dstPath = /usr/share/man/man1/;
			dstSubfolderSpec = 0;
			files = (
			);
			runOnlyForDeploymentPostprocessing = 1;
		};
		C1780D612E9A350D00548287 /* CopyFiles */ = {
			isa = PBXCopyFilesBuildPhase;
			buildActionMask = 2147483647;
			dstPath = /usr/share/man/man1/;
			dstSubfolderSpec = 0;
			files = (
			);
			runOnlyForDeploymentPostprocessing = 1;
		};
		C1780D6C2E9A351600548287 /* CopyFiles */ = {
			isa = PBXCopyFilesBuildPhase;
			buildActionMask = 2147483647;
			dstPath = /usr/share/man/man1/;
			dstSubfolderSpec = 0;
			files = (
			);
			runOnlyForDeploymentPostprocessing = 1;
		};
/* End PBXCopyFilesBuildPhase section */

/* Begin PBXFileReference section */
		C1780D4A2E9A34D900548287 /* Week7_Dictionary */ = {isa = PBXFileReference; explicitFileType = "compiled.mach-o.executable"; includeInIndex = 0; path = Week7_Dictionary; sourceTree = BUILT_PRODUCTS_DIR; };
		C1780D582E9A350200548287 /* 7-1 */ = {isa = PBXFileReference; explicitFileType = "compiled.mach-o.executable"; includeInIndex = 0; path = "7-1"; sourceTree = BUILT_PRODUCTS_DIR; };
		C1780D632E9A350D00548287 /* 7-2 */ = {isa = PBXFileReference; explicitFileType = "compiled.mach-o.executable"; includeInIndex = 0; path = "7-2"; sourceTree = BUILT_PRODUCTS_DIR; };
		C1780D6E2E9A351600548287 /* 7-3 */ = {isa = PBXFileReference; explicitFileType = "compiled.mach-o.executable"; includeInIndex = 0; path = "7-3"; sourceTree = BUILT_PRODUCTS_DIR; };
/* End PBXFileReference section */

/* Begin PBXFileSystemSynchronizedRootGroup section */
		C1780D4C2E9A34D900548287 /* Week7_Dictionary */ = {
			isa = PBXFileSystemSynchronizedRootGroup;
			path = Week7_Dictionary;
			sourceTree = "<group>";
		};
		C1780D592E9A350200548287 /* 7-1 */ = {
			isa = PBXFileSystemSynchronizedRootGroup;
			path = "7-1";
			sourceTree = "<group>";
		};
		C1780D642E9A350D00548287 /* 7-2 */ = {
			isa = PBXFileSystemSynchronizedRootGroup;
			path = "7-2";
			sourceTree = "<group>";
		};
		C1780D6F2E9A351600548287 /* 7-3 */ = {
			isa = PBXFileSystemSynchronizedRootGroup;
			path = "7-3";
			sourceTree = "<group>";
		};
/* End PBXFileSystemSynchronizedRootGroup section */

/* Begin PBXFrameworksBuildPhase section */
		C1780D472E9A34D900548287 /* Frameworks */ = {
			isa = PBXFrameworksBuildPhase;
			buildActionMask = 2147483647;
			files = (
			);
			runOnlyForDeploymentPostprocessing = 0;
		};
		C1780D552E9A350200548287 /* Frameworks */ = {
			isa = PBXFrameworksBuildPhase;
			buildActionMask = 2147483647;
			files = (
			);
			runOnlyForDeploymentPostprocessing = 0;
		};
		C1780D602E9A350D00548287 /* Frameworks */ = {
			isa = PBXFrameworksBuildPhase;
			buildActionMask = 2147483647;
			files = (
			);
			runOnlyForDeploymentPostprocessing = 0;
		};
		C1780D6B2E9A351600548287 /* Frameworks */ = {
			isa = PBXFrameworksBuildPhase;
			buildActionMask = 2147483647;
			files = (
			);
			runOnlyForDeploymentPostprocessing = 0;
		};
/* End PBXFrameworksBuildPhase section */

/* Begin PBXGroup section */
		C1780D412E9A34D900548287 = {
			isa = PBXGroup;
			children = (
				C1780D4C2E9A34D900548287 /* Week7_Dictionary */,
				C1780D592E9A350200548287 /* 7-1 */,
				C1780D642E9A350D00548287 /* 7-2 */,
				C1780D6F2E9A351600548287 /* 7-3 */,
				C1780D4B2E9A34D900548287 /* Products */,
			);
			sourceTree = "<group>";
		};
		C1780D4B2E9A34D900548287 /* Products */ = {
			isa = PBXGroup;
			children = (
				C1780D4A2E9A34D900548287 /* Week7_Dictionary */,
				C1780D582E9A350200548287 /* 7-1 */,
				C1780D632E9A350D00548287 /* 7-2 */,
				C1780D6E2E9A351600548287 /* 7-3 */,
			);
			name = Products;
			sourceTree = "<group>";
		};
/* End PBXGroup section */

/* Begin PBXNativeTarget section */
		C1780D492E9A34D900548287 /* Week7_Dictionary */ = {
			isa = PBXNativeTarget;
			buildConfigurationList = C1780D512E9A34D900548287 /* Build configuration list for PBXNativeTarget "Week7_Dictionary" */;
			buildPhases = (
				C1780D462E9A34D900548287 /* Sources */,
				C1780D472E9A34D900548287 /* Frameworks */,
				C1780D482E9A34D900548287 /* CopyFiles */,
			);
			buildRules = (
			);
			dependencies = (
			);
			fileSystemSynchronizedGroups = (
				C1780D4C2E9A34D900548287 /* Week7_Dictionary */,
			);
			name = Week7_Dictionary;
			packageProductDependencies = (
			);
			productName = Week7_Dictionary;
			productReference = C1780D4A2E9A34D900548287 /* Week7_Dictionary */;
			productType = "com.apple.product-type.tool";
		};
		C1780D572E9A350200548287 /* 7-1 */ = {
			isa = PBXNativeTarget;
			buildConfigurationList = C1780D5C2E9A350200548287 /* Build configuration list for PBXNativeTarget "7-1" */;
			buildPhases = (
				C1780D542E9A350200548287 /* Sources */,
				C1780D552E9A350200548287 /* Frameworks */,
				C1780D562E9A350200548287 /* CopyFiles */,
			);
			buildRules = (
			);
			dependencies = (
			);
			fileSystemSynchronizedGroups = (
				C1780D592E9A350200548287 /* 7-1 */,
			);
			name = "7-1";
			packageProductDependencies = (
			);
			productName = "7-1";
			productReference = C1780D582E9A350200548287 /* 7-1 */;
			productType = "com.apple.product-type.tool";
		};
		C1780D622E9A350D00548287 /* 7-2 */ = {
			isa = PBXNativeTarget;
			buildConfigurationList = C1780D672E9A350D00548287 /* Build configuration list for PBXNativeTarget "7-2" */;
			buildPhases = (
				C1780D5F2E9A350D00548287 /* Sources */,
				C1780D602E9A350D00548287 /* Frameworks */,
				C1780D612E9A350D00548287 /* CopyFiles */,
			);
			buildRules = (
			);
			dependencies = (
			);
			fileSystemSynchronizedGroups = (
				C1780D642E9A350D00548287 /* 7-2 */,
			);
			name = "7-2";
			packageProductDependencies = (
			);
			productName = "7-2";
			productReference = C1780D632E9A350D00548287 /* 7-2 */;
			productType = "com.apple.product-type.tool";
		};
		C1780D6D2E9A351600548287 /* 7-3 */ = {
			isa = PBXNativeTarget;
			buildConfigurationList = C1780D722E9A351600548287 /* Build configuration list for PBXNativeTarget "7-3" */;
			buildPhases = (
				C1780D6A2E9A351600548287 /* Sources */,
				C1780D6B2E9A351600548287 /* Frameworks */,
				C1780D6C2E9A351600548287 /* CopyFiles */,
			);
			buildRules = (
			);
			dependencies = (
			);
			fileSystemSynchronizedGroups = (
				C1780D6F2E9A351600548287 /* 7-3 */,
			);
			name = "7-3";
			packageProductDependencies = (
			);
			productName = "7-3";
			productReference = C1780D6E2E9A351600548287 /* 7-3 */;
			productType = "com.apple.product-type.tool";
		};
/* End PBXNativeTarget section */

/* Begin PBXProject section */
		C1780D422E9A34D900548287 /* Project object */ = {
			isa = PBXProject;
			attributes = {
				BuildIndependentTargetsInParallel = 1;
				LastUpgradeCheck = 2600;
				TargetAttributes = {
					C1780D492E9A34D900548287 = {
						CreatedOnToolsVersion = 26.0.1;
					};
					C1780D572E9A350200548287 = {
						CreatedOnToolsVersion = 26.0.1;
					};
					C1780D622E9A350D00548287 = {
						CreatedOnToolsVersion = 26.0.1;
					};
					C1780D6D2E9A351600548287 = {
						CreatedOnToolsVersion = 26.0.1;
					};
				};
			};
			buildConfigurationList = C1780D452E9A34D900548287 /* Build configuration list for PBXProject "Week7_Dictionary" */;
			developmentRegion = en;
			hasScannedForEncodings = 0;
			knownRegions = (
				en,
				Base,
			);
			mainGroup = C1780D412E9A34D900548287;
			minimizedProjectReferenceProxies = 1;
			preferredProjectObjectVersion = 77;
			productRefGroup = C1780D4B2E9A34D900548287 /* Products */;
			projectDirPath = "";
			projectRoot = "";
			targets = (
				C1780D492E9A34D900548287 /* Week7_Dictionary */,
				C1780D572E9A350200548287 /* 7-1 */,
				C1780D622E9A350D00548287 /* 7-2 */,
				C1780D6D2E9A351600548287 /* 7-3 */,
			);
		};
/* End PBXProject section */

/* Begin PBXSourcesBuildPhase section */
		C1780D462E9A34D900548287 /* Sources */ = {
			isa = PBXSourcesBuildPhase;
			buildActionMask = 2147483647;
			files = (
			);
			runOnlyForDeploymentPostprocessing = 0;
		};
		C1780D542E9A350200548287 /* Sources */ = {
			isa = PBXSourcesBuildPhase;
			buildActionMask = 2147483647;
			files = (
			);
			runOnlyForDeploymentPostprocessing = 0;
		};
		C1780D5F2E9A350D00548287 /* Sources */ = {
			isa = PBXSourcesBuildPhase;
			buildActionMask = 2147483647;
			files = (
			);
			runOnlyForDeploymentPostprocessing = 0;
		};
		C1780D6A2E9A351600548287 /* Sources */ = {
			isa = PBXSourcesBuildPhase;
			buildActionMask = 2147483647;
			files = (
			);
			runOnlyForDeploymentPostprocessing = 0;
		};
/* End PBXSourcesBuildPhase section */

/* Begin XCBuildConfiguration section */
		C1780D4F2E9A34D900548287 /* Debug */ = {
			isa = XCBuildConfiguration;
			buildSettings = {
				ALWAYS_SEARCH_USER_PATHS = NO;
				ASSETCATALOG_COMPILER_GENERATE_SWIFT_ASSET_SYMBOL_EXTENSIONS = YES;
				CLANG_ANALYZER_NONNULL = YES;
				CLANG_ANALYZER_NUMBER_OBJECT_CONVERSION = YES_AGGRESSIVE;
				CLANG_CXX_LANGUAGE_STANDARD = "gnu++20";
				CLANG_ENABLE_MODULES = YES;
				CLANG_ENABLE_OBJC_ARC = YES;
				CLANG_ENABLE_OBJC_WEAK = YES;
				CLANG_WARN_BLOCK_CAPTURE_AUTORELEASING = YES;
				CLANG_WARN_BOOL_CONVERSION = YES;
				CLANG_WARN_COMMA = YES;
				CLANG_WARN_CONSTANT_CONVERSION = YES;
				CLANG_WARN_DEPRECATED_OBJC_IMPLEMENTATIONS = YES;
				CLANG_WARN_DIRECT_OBJC_ISA_USAGE = YES_ERROR;
				CLANG_WARN_DOCUMENTATION_COMMENTS = YES;
				CLANG_WARN_EMPTY_BODY = YES;
				CLANG_WARN_ENUM_CONVERSION = YES;
				CLANG_WARN_INFINITE_RECURSION = YES;
				CLANG_WARN_INT_CONVERSION = YES;
				CLANG_WARN_NON_LITERAL_NULL_CONVERSION = YES;
				CLANG_WARN_OBJC_IMPLICIT_RETAIN_SELF = YES;
				CLANG_WARN_OBJC_LITERAL_CONVERSION = YES;
				CLANG_WARN_OBJC_ROOT_CLASS = YES_ERROR;
				CLANG_WARN_QUOTED_INCLUDE_IN_FRAMEWORK_HEADER = YES;
				CLANG_WARN_RANGE_LOOP_ANALYSIS = YES;
				CLANG_WARN_STRICT_PROTOTYPES = YES;
				CLANG_WARN_SUSPICIOUS_MOVE = YES;
				CLANG_WARN_UNGUARDED_AVAILABILITY = YES_AGGRESSIVE;
				CLANG_WARN_UNREACHABLE_CODE = YES;
				CLANG_WARN__DUPLICATE_METHOD_MATCH = YES;
				COPY_PHASE_STRIP = NO;
				DEBUG_INFORMATION_FORMAT = dwarf;
				ENABLE_STRICT_OBJC_MSGSEND = YES;
				ENABLE_TESTABILITY = YES;
				ENABLE_USER_SCRIPT_SANDBOXING = YES;
				GCC_C_LANGUAGE_STANDARD = gnu17;
				GCC_DYNAMIC_NO_PIC = NO;
				GCC_NO_COMMON_BLOCKS = YES;
				GCC_OPTIMIZATION_LEVEL = 0;
				GCC_PREPROCESSOR_DEFINITIONS = (
					"DEBUG=1",
					"$(inherited)",
				);
				GCC_WARN_64_TO_32_BIT_CONVERSION = YES;
				GCC_WARN_ABOUT_RETURN_TYPE = YES_ERROR;
				GCC_WARN_UNDECLARED_SELECTOR = YES;
				GCC_WARN_UNINITIALIZED_AUTOS = YES_AGGRESSIVE;
				GCC_WARN_UNUSED_FUNCTION = YES;
				GCC_WARN_UNUSED_VARIABLE = YES;
				LOCALIZATION_PREFERS_STRING_CATALOGS = YES;
				MACOSX_DEPLOYMENT_TARGET = 15.6;
				MTL_ENABLE_DEBUG_INFO = INCLUDE_SOURCE;
				MTL_FAST_MATH = YES;
				ONLY_ACTIVE_ARCH = YES;
				SDKROOT = macosx;
			};
			name = Debug;
		};
		C1780D502E9A34D900548287 /* Release */ = {
			isa = XCBuildConfiguration;
			buildSettings = {
				ALWAYS_SEARCH_USER_PATHS = NO;
				ASSETCATALOG_COMPILER_GENERATE_SWIFT_ASSET_SYMBOL_EXTENSIONS = YES;
				CLANG_ANALYZER_NONNULL = YES;
				CLANG_ANALYZER_NUMBER_OBJECT_CONVERSION = YES_AGGRESSIVE;
				CLANG_CXX_LANGUAGE_STANDARD = "gnu++20";
				CLANG_ENABLE_MODULES = YES;
				CLANG_ENABLE_OBJC_ARC = YES;
				CLANG_ENABLE_OBJC_WEAK = YES;
				CLANG_WARN_BLOCK_CAPTURE_AUTORELEASING = YES;
				CLANG_WARN_BOOL_CONVERSION = YES;
				CLANG_WARN_COMMA = YES;
				CLANG_WARN_CONSTANT_CONVERSION = YES;
				CLANG_WARN_DEPRECATED_OBJC_IMPLEMENTATIONS = YES;
				CLANG_WARN_DIRECT_OBJC_ISA_USAGE = YES_ERROR;
				CLANG_WARN_DOCUMENTATION_COMMENTS = YES;
				CLANG_WARN_EMPTY_BODY = YES;
				CLANG_WARN_ENUM_CONVERSION = YES;
				CLANG_WARN_INFINITE_RECURSION = YES;
				CLANG_WARN_INT_CONVERSION = YES;
				CLANG_WARN_NON_LITERAL_NULL_CONVERSION = YES;
				CLANG_WARN_OBJC_IMPLICIT_RETAIN_SELF = YES;
				CLANG_WARN_OBJC_LITERAL_CONVERSION = YES;
				CLANG_WARN_OBJC_ROOT_CLASS = YES_ERROR;
				CLANG_WARN_QUOTED_INCLUDE_IN_FRAMEWORK_HEADER = YES;
				CLANG_WARN_RANGE_LOOP_ANALYSIS = YES;
				CLANG_WARN_STRICT_PROTOTYPES = YES;
				CLANG_WARN_SUSPICIOUS_MOVE = YES;
				CLANG_WARN_UNGUARDED_AVAILABILITY = YES_AGGRESSIVE;
				CLANG_WARN_UNREACHABLE_CODE = YES;
				CLANG_WARN__DUPLICATE_METHOD_MATCH = YES;
				COPY_PHASE_STRIP = NO;
				DEBUG_INFORMATION_FORMAT = "dwarf-with-dsym";
				ENABLE_NS_ASSERTIONS = NO;
				ENABLE_STRICT_OBJC_MSGSEND = YES;
				ENABLE_USER_SCRIPT_SANDBOXING = YES;
				GCC_C_LANGUAGE_STANDARD = gnu17;
				GCC_NO_COMMON_BLOCKS = YES;
				GCC_WARN_64_TO_32_BIT_CONVERSION = YES;
				GCC_WARN_ABOUT_RETURN_TYPE = YES_ERROR;
				GCC_WARN_UNDECLARED_SELECTOR = YES;
				GCC_WARN_UNINITIALIZED_AUTOS = YES_AGGRESSIVE;
				GCC_WARN_UNUSED_FUNCTION = YES;
				GCC_WARN_UNUSED_VARIABLE = YES;
				LOCALIZATION_PREFERS_STRING_CATALOGS = YES;
				MACOSX_DEPLOYMENT_TARGET = 15.6;
				MTL_ENABLE_DEBUG_INFO = NO;
				MTL_FAST_MATH = YES;
				SDKROOT = macosx;
			};
			name = Release;
		};
		C1780D522E9A34D900548287 /* Debug */ = {
			isa = XCBuildConfiguration;
			buildSettings = {
				CODE_SIGN_STYLE = Automatic;
				PRODUCT_NAME = "$(TARGET_NAME)";
			};
			name = Debug;
		};
		C1780D532E9A34D900548287 /* Release */ = {
			isa = XCBuildConfiguration;
			buildSettings = {
				CODE_SIGN_STYLE = Automatic;
				PRODUCT_NAME = "$(TARGET_NAME)";
			};
			name = Release;
		};
		C1780D5D2E9A350200548287 /* Debug */ = {
			isa = XCBuildConfiguration;
			buildSettings = {
				CODE_SIGN_STYLE = Automatic;
				PRODUCT_NAME = "$(TARGET_NAME)";
			};
			name = Debug;
		};
		C1780D5E2E9A350200548287 /* Release */ = {
			isa = XCBuildConfiguration;
			buildSettings = {
				CODE_SIGN_STYLE = Automatic;
				PRODUCT_NAME = "$(TARGET_NAME)";
			};
			name = Release;
		};
		C1780D682E9A350D00548287 /* Debug */ = {
			isa = XCBuildConfiguration;
			buildSettings = {
				CODE_SIGN_STYLE = Automatic;
				PRODUCT_NAME = "$(TARGET_NAME)";
			};
			name = Debug;
		};
		C1780D692E9A350D00548287 /* Release */ = {
			isa = XCBuildConfiguration;
			buildSettings = {
				CODE_SIGN_STYLE = Automatic;
				PRODUCT_NAME = "$(TARGET_NAME)";
			};
			name = Release;
		};
		C1780D732E9A351600548287 /* Debug */ = {
			isa = XCBuildConfiguration;
			buildSettings = {
				CODE_SIGN_STYLE = Automatic;
				PRODUCT_NAME = "$(TARGET_NAME)";
			};
			name = Debug;
		};
		C1780D742E9A351600548287 /* Release */ = {
			isa = XCBuildConfiguration;
			buildSettings = {
				CODE_SIGN_STYLE = Automatic;
				PRODUCT_NAME = "$(TARGET_NAME)";
			};
			name = Release;
		};
/* End XCBuildConfiguration section */

/* Begin XCConfigurationList section */
		C1780D452E9A34D900548287 /* Build configuration list for PBXProject "Week7_Dictionary" */ = {
			isa = XCConfigurationList;
			buildConfigurations = (
				C1780D4F2E9A34D900548287 /* Debug */,
				C1780D502E9A34D900548287 /* Release */,
			);
			defaultConfigurationIsVisible = 0;
			defaultConfigurationName = Release;
		};
		C1780D512E9A34D900548287 /* Build configuration list for PBXNativeTarget "Week7_Dictionary" */ = {
			isa = XCConfigurationList;
			buildConfigurations = (
				C1780D522E9A34D900548287 /* Debug */,
				C1780D532E9A34D900548287 /* Release */,
			);
			defaultConfigurationIsVisible = 0;
			defaultConfigurationName = Release;
		};
		C1780D5C2E9A350200548287 /* Build configuration list for PBXNativeTarget "7-1" */ = {
			isa = XCConfigurationList;
			buildConfigurations = (
				C1780D5D2E9A350200548287 /* Debug */,
				C1780D5E2E9A350200548287 /* Release */,
			);
			defaultConfigurationIsVisible = 0;
			defaultConfigurationName = Release;
		};
		C1780D672E9A350D00548287 /* Build configuration list for PBXNativeTarget "7-2" */ = {
			isa = XCConfigurationList;
			buildConfigurations = (
				C1780D682E9A350D00548287 /* Debug */,
				C1780D692E9A350D00548287 /* Release */,
			);
			defaultConfigurationIsVisible = 0;
			defaultConfigurationName = Release;
		};
		C1780D722E9A351600548287 /* Build configuration list for PBXNativeTarget "7-3" */ = {
			isa = XCConfigurationList;
			buildConfigurations = (
				C1780D732E9A351600548287 /* Debug */,
				C1780D742E9A351600548287 /* Release */,
			);
			defaultConfigurationIsVisible = 0;
			defaultConfigurationName = Release;
		};
/* End XCConfigurationList section */
	};
	rootObject = C1780D422E9A34D900548287 /* Project object */;
}
