// !$*UTF8*$!
{
	archiveVersion = 1;
	classes = {
	};
	objectVersion = 77;
	objects = {

/* Begin PBXCopyFilesBuildPhase section */
		C19E183F2EB0433600F6A0CF /* CopyFiles */ = {
			isa = PBXCopyFilesBuildPhase;
			buildActionMask = 2147483647;
			dstPath = /usr/share/man/man1/;
			dstSubfolderSpec = 0;
			files = (
			);
			runOnlyForDeploymentPostprocessing = 1;
		};
		C19E184A2EB0434900F6A0CF /* CopyFiles */ = {
			isa = PBXCopyFilesBuildPhase;
			buildActionMask = 2147483647;
			dstPath = /usr/share/man/man1/;
			dstSubfolderSpec = 0;
			files = (
			);
			runOnlyForDeploymentPostprocessing = 1;
		};
		C1E9D6332EB042DA00178953 /* CopyFiles */ = {
			isa = PBXCopyFilesBuildPhase;
			buildActionMask = 2147483647;
			dstPath = /usr/share/man/man1/;
			dstSubfolderSpec = 0;
			files = (
			);
			runOnlyForDeploymentPostprocessing = 1;
		};
		C1E9D6412EB042F700178953 /* CopyFiles */ = {
			isa = PBXCopyFilesBuildPhase;
			buildActionMask = 2147483647;
			dstPath = /usr/share/man/man1/;
			dstSubfolderSpec = 0;
			files = (
			);
			runOnlyForDeploymentPostprocessing = 1;
		};
/* End PBXCopyFilesBuildPhase section */

/* Begin PBXFileReference section */
		C19E18412EB0433600F6A0CF /* 9-2 */ = {isa = PBXFileReference; explicitFileType = "compiled.mach-o.executable"; includeInIndex = 0; path = "9-2"; sourceTree = BUILT_PRODUCTS_DIR; };
		C19E184C2EB0434900F6A0CF /* 9-3 */ = {isa = PBXFileReference; explicitFileType = "compiled.mach-o.executable"; includeInIndex = 0; path = "9-3"; sourceTree = BUILT_PRODUCTS_DIR; };
		C1E9D6352EB042DA00178953 /* Week9_SearchTree */ = {isa = PBXFileReference; explicitFileType = "compiled.mach-o.executable"; includeInIndex = 0; path = Week9_SearchTree; sourceTree = BUILT_PRODUCTS_DIR; };
		C1E9D6432EB042F700178953 /* 9-1 */ = {isa = PBXFileReference; explicitFileType = "compiled.mach-o.executable"; includeInIndex = 0; path = "9-1"; sourceTree = BUILT_PRODUCTS_DIR; };
/* End PBXFileReference section */

/* Begin PBXFileSystemSynchronizedRootGroup section */
		C19E18422EB0433600F6A0CF /* 9-2 */ = {
			isa = PBXFileSystemSynchronizedRootGroup;
			path = "9-2";
			sourceTree = "<group>";
		};
		C19E184D2EB0434900F6A0CF /* 9-3 */ = {
			isa = PBXFileSystemSynchronizedRootGroup;
			path = "9-3";
			sourceTree = "<group>";
		};
		C1E9D6372EB042DA00178953 /* Week9_SearchTree */ = {
			isa = PBXFileSystemSynchronizedRootGroup;
			path = Week9_SearchTree;
			sourceTree = "<group>";
		};
		C1E9D6442EB042F700178953 /* 9-1 */ = {
			isa = PBXFileSystemSynchronizedRootGroup;
			path = "9-1";
			sourceTree = "<group>";
		};
/* End PBXFileSystemSynchronizedRootGroup section */

/* Begin PBXFrameworksBuildPhase section */
		C19E183E2EB0433600F6A0CF /* Frameworks */ = {
			isa = PBXFrameworksBuildPhase;
			buildActionMask = 2147483647;
			files = (
			);
			runOnlyForDeploymentPostprocessing = 0;
		};
		C19E18492EB0434900F6A0CF /* Frameworks */ = {
			isa = PBXFrameworksBuildPhase;
			buildActionMask = 2147483647;
			files = (
			);
			runOnlyForDeploymentPostprocessing = 0;
		};
		C1E9D6322EB042DA00178953 /* Frameworks */ = {
			isa = PBXFrameworksBuildPhase;
			buildActionMask = 2147483647;
			files = (
			);
			runOnlyForDeploymentPostprocessing = 0;
		};
		C1E9D6402EB042F700178953 /* Frameworks */ = {
			isa = PBXFrameworksBuildPhase;
			buildActionMask = 2147483647;
			files = (
			);
			runOnlyForDeploymentPostprocessing = 0;
		};
/* End PBXFrameworksBuildPhase section */

/* Begin PBXGroup section */
		C1E9D62C2EB042DA00178953 = {
			isa = PBXGroup;
			children = (
				C1E9D6372EB042DA00178953 /* Week9_SearchTree */,
				C1E9D6442EB042F700178953 /* 9-1 */,
				C19E18422EB0433600F6A0CF /* 9-2 */,
				C19E184D2EB0434900F6A0CF /* 9-3 */,
				C1E9D6362EB042DA00178953 /* Products */,
			);
			sourceTree = "<group>";
		};
		C1E9D6362EB042DA00178953 /* Products */ = {
			isa = PBXGroup;
			children = (
				C1E9D6352EB042DA00178953 /* Week9_SearchTree */,
				C1E9D6432EB042F700178953 /* 9-1 */,
				C19E18412EB0433600F6A0CF /* 9-2 */,
				C19E184C2EB0434900F6A0CF /* 9-3 */,
			);
			name = Products;
			sourceTree = "<group>";
		};
/* End PBXGroup section */

/* Begin PBXNativeTarget section */
		C19E18402EB0433600F6A0CF /* 9-2 */ = {
			isa = PBXNativeTarget;
			buildConfigurationList = C19E18452EB0433600F6A0CF /* Build configuration list for PBXNativeTarget "9-2" */;
			buildPhases = (
				C19E183D2EB0433600F6A0CF /* Sources */,
				C19E183E2EB0433600F6A0CF /* Frameworks */,
				C19E183F2EB0433600F6A0CF /* CopyFiles */,
			);
			buildRules = (
			);
			dependencies = (
			);
			fileSystemSynchronizedGroups = (
				C19E18422EB0433600F6A0CF /* 9-2 */,
			);
			name = "9-2";
			packageProductDependencies = (
			);
			productName = "9-2";
			productReference = C19E18412EB0433600F6A0CF /* 9-2 */;
			productType = "com.apple.product-type.tool";
		};
		C19E184B2EB0434900F6A0CF /* 9-3 */ = {
			isa = PBXNativeTarget;
			buildConfigurationList = C19E18502EB0434900F6A0CF /* Build configuration list for PBXNativeTarget "9-3" */;
			buildPhases = (
				C19E18482EB0434900F6A0CF /* Sources */,
				C19E18492EB0434900F6A0CF /* Frameworks */,
				C19E184A2EB0434900F6A0CF /* CopyFiles */,
			);
			buildRules = (
			);
			dependencies = (
			);
			fileSystemSynchronizedGroups = (
				C19E184D2EB0434900F6A0CF /* 9-3 */,
			);
			name = "9-3";
			packageProductDependencies = (
			);
			productName = "9-3";
			productReference = C19E184C2EB0434900F6A0CF /* 9-3 */;
			productType = "com.apple.product-type.tool";
		};
		C1E9D6342EB042DA00178953 /* Week9_SearchTree */ = {
			isa = PBXNativeTarget;
			buildConfigurationList = C1E9D63C2EB042DA00178953 /* Build configuration list for PBXNativeTarget "Week9_SearchTree" */;
			buildPhases = (
				C1E9D6312EB042DA00178953 /* Sources */,
				C1E9D6322EB042DA00178953 /* Frameworks */,
				C1E9D6332EB042DA00178953 /* CopyFiles */,
			);
			buildRules = (
			);
			dependencies = (
			);
			fileSystemSynchronizedGroups = (
				C1E9D6372EB042DA00178953 /* Week9_SearchTree */,
			);
			name = Week9_SearchTree;
			packageProductDependencies = (
			);
			productName = Week9_SearchTree;
			productReference = C1E9D6352EB042DA00178953 /* Week9_SearchTree */;
			productType = "com.apple.product-type.tool";
		};
		C1E9D6422EB042F700178953 /* 9-1 */ = {
			isa = PBXNativeTarget;
			buildConfigurationList = C1E9D6472EB042F700178953 /* Build configuration list for PBXNativeTarget "9-1" */;
			buildPhases = (
				C1E9D63F2EB042F700178953 /* Sources */,
				C1E9D6402EB042F700178953 /* Frameworks */,
				C1E9D6412EB042F700178953 /* CopyFiles */,
			);
			buildRules = (
			);
			dependencies = (
			);
			fileSystemSynchronizedGroups = (
				C1E9D6442EB042F700178953 /* 9-1 */,
			);
			name = "9-1";
			packageProductDependencies = (
			);
			productName = "9-1";
			productReference = C1E9D6432EB042F700178953 /* 9-1 */;
			productType = "com.apple.product-type.tool";
		};
/* End PBXNativeTarget section */

/* Begin PBXProject section */
		C1E9D62D2EB042DA00178953 /* Project object */ = {
			isa = PBXProject;
			attributes = {
				BuildIndependentTargetsInParallel = 1;
				LastUpgradeCheck = 2600;
				TargetAttributes = {
					C19E18402EB0433600F6A0CF = {
						CreatedOnToolsVersion = 26.0.1;
					};
					C19E184B2EB0434900F6A0CF = {
						CreatedOnToolsVersion = 26.0.1;
					};
					C1E9D6342EB042DA00178953 = {
						CreatedOnToolsVersion = 26.0.1;
					};
					C1E9D6422EB042F700178953 = {
						CreatedOnToolsVersion = 26.0.1;
					};
				};
			};
			buildConfigurationList = C1E9D6302EB042DA00178953 /* Build configuration list for PBXProject "Week9_SearchTree" */;
			developmentRegion = en;
			hasScannedForEncodings = 0;
			knownRegions = (
				en,
				Base,
			);
			mainGroup = C1E9D62C2EB042DA00178953;
			minimizedProjectReferenceProxies = 1;
			preferredProjectObjectVersion = 77;
			productRefGroup = C1E9D6362EB042DA00178953 /* Products */;
			projectDirPath = "";
			projectRoot = "";
			targets = (
				C1E9D6342EB042DA00178953 /* Week9_SearchTree */,
				C1E9D6422EB042F700178953 /* 9-1 */,
				C19E18402EB0433600F6A0CF /* 9-2 */,
				C19E184B2EB0434900F6A0CF /* 9-3 */,
			);
		};
/* End PBXProject section */

/* Begin PBXSourcesBuildPhase section */
		C19E183D2EB0433600F6A0CF /* Sources */ = {
			isa = PBXSourcesBuildPhase;
			buildActionMask = 2147483647;
			files = (
			);
			runOnlyForDeploymentPostprocessing = 0;
		};
		C19E18482EB0434900F6A0CF /* Sources */ = {
			isa = PBXSourcesBuildPhase;
			buildActionMask = 2147483647;
			files = (
			);
			runOnlyForDeploymentPostprocessing = 0;
		};
		C1E9D6312EB042DA00178953 /* Sources */ = {
			isa = PBXSourcesBuildPhase;
			buildActionMask = 2147483647;
			files = (
			);
			runOnlyForDeploymentPostprocessing = 0;
		};
		C1E9D63F2EB042F700178953 /* Sources */ = {
			isa = PBXSourcesBuildPhase;
			buildActionMask = 2147483647;
			files = (
			);
			runOnlyForDeploymentPostprocessing = 0;
		};
/* End PBXSourcesBuildPhase section */

/* Begin XCBuildConfiguration section */
		C19E18462EB0433600F6A0CF /* Debug */ = {
			isa = XCBuildConfiguration;
			buildSettings = {
				CODE_SIGN_STYLE = Automatic;
				PRODUCT_NAME = "$(TARGET_NAME)";
			};
			name = Debug;
		};
		C19E18472EB0433600F6A0CF /* Release */ = {
			isa = XCBuildConfiguration;
			buildSettings = {
				CODE_SIGN_STYLE = Automatic;
				PRODUCT_NAME = "$(TARGET_NAME)";
			};
			name = Release;
		};
		C19E18512EB0434900F6A0CF /* Debug */ = {
			isa = XCBuildConfiguration;
			buildSettings = {
				CODE_SIGN_STYLE = Automatic;
				PRODUCT_NAME = "$(TARGET_NAME)";
			};
			name = Debug;
		};
		C19E18522EB0434900F6A0CF /* Release */ = {
			isa = XCBuildConfiguration;
			buildSettings = {
				CODE_SIGN_STYLE = Automatic;
				PRODUCT_NAME = "$(TARGET_NAME)";
			};
			name = Release;
		};
		C1E9D63A2EB042DA00178953 /* Debug */ = {
			isa = XCBuildConfiguration;
			buildSettings = {
				ALWAYS_SEARCH_USER_PATHS = NO;
				ASSETCATALOG_COMPILER_GENERATE_SWIFT_ASSET_SYMBOL_EXTENSIONS = YES;
				CLANG_ANALYZER_NONNULL = YES;
				CLANG_ANALYZER_NUMBER_OBJECT_CONVERSION = YES_AGGRESSIVE;
				CLANG_CXX_LANGUAGE_STANDARD = "gnu++20";
				CLANG_ENABLE_MODULES = YES;
				CLANG_ENABLE_OBJC_ARC = YES;
				CLANG_ENABLE_OBJC_WEAK = YES;
				CLANG_WARN_BLOCK_CAPTURE_AUTORELEASING = YES;
				CLANG_WARN_BOOL_CONVERSION = YES;
				CLANG_WARN_COMMA = YES;
				CLANG_WARN_CONSTANT_CONVERSION = YES;
				CLANG_WARN_DEPRECATED_OBJC_IMPLEMENTATIONS = YES;
				CLANG_WARN_DIRECT_OBJC_ISA_USAGE = YES_ERROR;
				CLANG_WARN_DOCUMENTATION_COMMENTS = YES;
				CLANG_WARN_EMPTY_BODY = YES;
				CLANG_WARN_ENUM_CONVERSION = YES;
				CLANG_WARN_INFINITE_RECURSION = YES;
				CLANG_WARN_INT_CONVERSION = YES;
				CLANG_WARN_NON_LITERAL_NULL_CONVERSION = YES;
				CLANG_WARN_OBJC_IMPLICIT_RETAIN_SELF = YES;
				CLANG_WARN_OBJC_LITERAL_CONVERSION = YES;
				CLANG_WARN_OBJC_ROOT_CLASS = YES_ERROR;
				CLANG_WARN_QUOTED_INCLUDE_IN_FRAMEWORK_HEADER = YES;
				CLANG_WARN_RANGE_LOOP_ANALYSIS = YES;
				CLANG_WARN_STRICT_PROTOTYPES = YES;
				CLANG_WARN_SUSPICIOUS_MOVE = YES;
				CLANG_WARN_UNGUARDED_AVAILABILITY = YES_AGGRESSIVE;
				CLANG_WARN_UNREACHABLE_CODE = YES;
				CLANG_WARN__DUPLICATE_METHOD_MATCH = YES;
				COPY_PHASE_STRIP = NO;
				DEBUG_INFORMATION_FORMAT = dwarf;
				ENABLE_STRICT_OBJC_MSGSEND = YES;
				ENABLE_TESTABILITY = YES;
				ENABLE_USER_SCRIPT_SANDBOXING = YES;
				GCC_C_LANGUAGE_STANDARD = gnu17;
				GCC_DYNAMIC_NO_PIC = NO;
				GCC_NO_COMMON_BLOCKS = YES;
				GCC_OPTIMIZATION_LEVEL = 0;
				GCC_PREPROCESSOR_DEFINITIONS = (
					"DEBUG=1",
					"$(inherited)",
				);
				GCC_WARN_64_TO_32_BIT_CONVERSION = YES;
				GCC_WARN_ABOUT_RETURN_TYPE = YES_ERROR;
				GCC_WARN_UNDECLARED_SELECTOR = YES;
				GCC_WARN_UNINITIALIZED_AUTOS = YES_AGGRESSIVE;
				GCC_WARN_UNUSED_FUNCTION = YES;
				GCC_WARN_UNUSED_VARIABLE = YES;
				LOCALIZATION_PREFERS_STRING_CATALOGS = YES;
				MACOSX_DEPLOYMENT_TARGET = 15.6;
				MTL_ENABLE_DEBUG_INFO = INCLUDE_SOURCE;
				MTL_FAST_MATH = YES;
				ONLY_ACTIVE_ARCH = YES;
				SDKROOT = macosx;
			};
			name = Debug;
		};
		C1E9D63B2EB042DA00178953 /* Release */ = {
			isa = XCBuildConfiguration;
			buildSettings = {
				ALWAYS_SEARCH_USER_PATHS = NO;
				ASSETCATALOG_COMPILER_GENERATE_SWIFT_ASSET_SYMBOL_EXTENSIONS = YES;
				CLANG_ANALYZER_NONNULL = YES;
				CLANG_ANALYZER_NUMBER_OBJECT_CONVERSION = YES_AGGRESSIVE;
				CLANG_CXX_LANGUAGE_STANDARD = "gnu++20";
				CLANG_ENABLE_MODULES = YES;
				CLANG_ENABLE_OBJC_ARC = YES;
				CLANG_ENABLE_OBJC_WEAK = YES;
				CLANG_WARN_BLOCK_CAPTURE_AUTORELEASING = YES;
				CLANG_WARN_BOOL_CONVERSION = YES;
				CLANG_WARN_COMMA = YES;
				CLANG_WARN_CONSTANT_CONVERSION = YES;
				CLANG_WARN_DEPRECATED_OBJC_IMPLEMENTATIONS = YES;
				CLANG_WARN_DIRECT_OBJC_ISA_USAGE = YES_ERROR;
				CLANG_WARN_DOCUMENTATION_COMMENTS = YES;
				CLANG_WARN_EMPTY_BODY = YES;
				CLANG_WARN_ENUM_CONVERSION = YES;
				CLANG_WARN_INFINITE_RECURSION = YES;
				CLANG_WARN_INT_CONVERSION = YES;
				CLANG_WARN_NON_LITERAL_NULL_CONVERSION = YES;
				CLANG_WARN_OBJC_IMPLICIT_RETAIN_SELF = YES;
				CLANG_WARN_OBJC_LITERAL_CONVERSION = YES;
				CLANG_WARN_OBJC_ROOT_CLASS = YES_ERROR;
				CLANG_WARN_QUOTED_INCLUDE_IN_FRAMEWORK_HEADER = YES;
				CLANG_WARN_RANGE_LOOP_ANALYSIS = YES;
				CLANG_WARN_STRICT_PROTOTYPES = YES;
				CLANG_WARN_SUSPICIOUS_MOVE = YES;
				CLANG_WARN_UNGUARDED_AVAILABILITY = YES_AGGRESSIVE;
				CLANG_WARN_UNREACHABLE_CODE = YES;
				CLANG_WARN__DUPLICATE_METHOD_MATCH = YES;
				COPY_PHASE_STRIP = NO;
				DEBUG_INFORMATION_FORMAT = "dwarf-with-dsym";
				ENABLE_NS_ASSERTIONS = NO;
				ENABLE_STRICT_OBJC_MSGSEND = YES;
				ENABLE_USER_SCRIPT_SANDBOXING = YES;
				GCC_C_LANGUAGE_STANDARD = gnu17;
				GCC_NO_COMMON_BLOCKS = YES;
				GCC_WARN_64_TO_32_BIT_CONVERSION = YES;
				GCC_WARN_ABOUT_RETURN_TYPE = YES_ERROR;
				GCC_WARN_UNDECLARED_SELECTOR = YES;
				GCC_WARN_UNINITIALIZED_AUTOS = YES_AGGRESSIVE;
				GCC_WARN_UNUSED_FUNCTION = YES;
				GCC_WARN_UNUSED_VARIABLE = YES;
				LOCALIZATION_PREFERS_STRING_CATALOGS = YES;
				MACOSX_DEPLOYMENT_TARGET = 15.6;
				MTL_ENABLE_DEBUG_INFO = NO;
				MTL_FAST_MATH = YES;
				SDKROOT = macosx;
			};
			name = Release;
		};
		C1E9D63D2EB042DA00178953 /* Debug */ = {
			isa = XCBuildConfiguration;
			buildSettings = {
				CODE_SIGN_STYLE = Automatic;
				PRODUCT_NAME = "$(TARGET_NAME)";
			};
			name = Debug;
		};
		C1E9D63E2EB042DA00178953 /* Release */ = {
			isa = XCBuildConfiguration;
			buildSettings = {
				CODE_SIGN_STYLE = Automatic;
				PRODUCT_NAME = "$(TARGET_NAME)";
			};
			name = Release;
		};
		C1E9D6482EB042F700178953 /* Debug */ = {
			isa = XCBuildConfiguration;
			buildSettings = {
				CODE_SIGN_STYLE = Automatic;
				PRODUCT_NAME = "$(TARGET_NAME)";
			};
			name = Debug;
		};
		C1E9D6492EB042F700178953 /* Release */ = {
			isa = XCBuildConfiguration;
			buildSettings = {
				CODE_SIGN_STYLE = Automatic;
				PRODUCT_NAME = "$(TARGET_NAME)";
			};
			name = Release;
		};
/* End XCBuildConfiguration section */

/* Begin XCConfigurationList section */
		C19E18452EB0433600F6A0CF /* Build configuration list for PBXNativeTarget "9-2" */ = {
			isa = XCConfigurationList;
			buildConfigurations = (
				C19E18462EB0433600F6A0CF /* Debug */,
				C19E18472EB0433600F6A0CF /* Release */,
			);
			defaultConfigurationIsVisible = 0;
			defaultConfigurationName = Release;
		};
		C19E18502EB0434900F6A0CF /* Build configuration list for PBXNativeTarget "9-3" */ = {
			isa = XCConfigurationList;
			buildConfigurations = (
				C19E18512EB0434900F6A0CF /* Debug */,
				C19E18522EB0434900F6A0CF /* Release */,
			);
			defaultConfigurationIsVisible = 0;
			defaultConfigurationName = Release;
		};
		C1E9D6302EB042DA00178953 /* Build configuration list for PBXProject "Week9_SearchTree" */ = {
			isa = XCConfigurationList;
			buildConfigurations = (
				C1E9D63A2EB042DA00178953 /* Debug */,
				C1E9D63B2EB042DA00178953 /* Release */,
			);
			defaultConfigurationIsVisible = 0;
			defaultConfigurationName = Release;
		};
		C1E9D63C2EB042DA00178953 /* Build configuration list for PBXNativeTarget "Week9_SearchTree" */ = {
			isa = XCConfigurationList;
			buildConfigurations = (
				C1E9D63D2EB042DA00178953 /* Debug */,
				C1E9D63E2EB042DA00178953 /* Release */,
			);
			defaultConfigurationIsVisible = 0;
			defaultConfigurationName = Release;
		};
		C1E9D6472EB042F700178953 /* Build configuration list for PBXNativeTarget "9-1" */ = {
			isa = XCConfigurationList;
			buildConfigurations = (
				C1E9D6482EB042F700178953 /* Debug */,
				C1E9D6492EB042F700178953 /* Release */,
			);
			defaultConfigurationIsVisible = 0;
			defaultConfigurationName = Release;
		};
/* End XCConfigurationList section */
	};
	rootObject = C1E9D62D2EB042DA00178953 /* Project object */;
}
