// !$*UTF8*$!
{
	archiveVersion = 1;
	classes = {
	};
	objectVersion = 77;
	objects = {

/* Begin PBXCopyFilesBuildPhase section */
		C1F55A242EDC1D600055EE2E /* CopyFiles */ = {
			isa = PBXCopyFilesBuildPhase;
			buildActionMask = 2147483647;
			dstPath = /usr/share/man/man1/;
			dstSubfolderSpec = 0;
			files = (
			);
			runOnlyForDeploymentPostprocessing = 1;
		};
		C1F55A322EDC1D7B0055EE2E /* CopyFiles */ = {
			isa = PBXCopyFilesBuildPhase;
			buildActionMask = 2147483647;
			dstPath = /usr/share/man/man1/;
			dstSubfolderSpec = 0;
			files = (
			);
			runOnlyForDeploymentPostprocessing = 1;
		};
		C1F55A3D2EDC1D850055EE2E /* CopyFiles */ = {
			isa = PBXCopyFilesBuildPhase;
			buildActionMask = 2147483647;
			dstPath = /usr/share/man/man1/;
			dstSubfolderSpec = 0;
			files = (
			);
			runOnlyForDeploymentPostprocessing = 1;
		};
/* End PBXCopyFilesBuildPhase section */

/* Begin PBXFileReference section */
		C1F55A262EDC1D600055EE2E /* Week14_MST */ = {isa = PBXFileReference; explicitFileType = "compiled.mach-o.executable"; includeInIndex = 0; path = Week14_MST; sourceTree = BUILT_PRODUCTS_DIR; };
		C1F55A342EDC1D7B0055EE2E /* 14-1 */ = {isa = PBXFileReference; explicitFileType = "compiled.mach-o.executable"; includeInIndex = 0; path = "14-1"; sourceTree = BUILT_PRODUCTS_DIR; };
		C1F55A3F2EDC1D850055EE2E /* 14-2 */ = {isa = PBXFileReference; explicitFileType = "compiled.mach-o.executable"; includeInIndex = 0; path = "14-2"; sourceTree = BUILT_PRODUCTS_DIR; };
/* End PBXFileReference section */

/* Begin PBXFileSystemSynchronizedRootGroup section */
		C1F55A352EDC1D7B0055EE2E /* 14-1 */ = {
			isa = PBXFileSystemSynchronizedRootGroup;
			path = "14-1";
			sourceTree = "<group>";
		};
		C1F55A402EDC1D850055EE2E /* 14-2 */ = {
			isa = PBXFileSystemSynchronizedRootGroup;
			path = "14-2";
			sourceTree = "<group>";
		};
/* End PBXFileSystemSynchronizedRootGroup section */

/* Begin PBXFrameworksBuildPhase section */
		C1F55A232EDC1D600055EE2E /* Frameworks */ = {
			isa = PBXFrameworksBuildPhase;
			buildActionMask = 2147483647;
			files = (
			);
			runOnlyForDeploymentPostprocessing = 0;
		};
		C1F55A312EDC1D7B0055EE2E /* Frameworks */ = {
			isa = PBXFrameworksBuildPhase;
			buildActionMask = 2147483647;
			files = (
			);
			runOnlyForDeploymentPostprocessing = 0;
		};
		C1F55A3C2EDC1D850055EE2E /* Frameworks */ = {
			isa = PBXFrameworksBuildPhase;
			buildActionMask = 2147483647;
			files = (
			);
			runOnlyForDeploymentPostprocessing = 0;
		};
/* End PBXFrameworksBuildPhase section */

/* Begin PBXGroup section */
		C1F55A1D2EDC1D600055EE2E = {
			isa = PBXGroup;
			children = (
				C1F55A352EDC1D7B0055EE2E /* 14-1 */,
				C1F55A402EDC1D850055EE2E /* 14-2 */,
				C1F55A272EDC1D600055EE2E /* Products */,
			);
			sourceTree = "<group>";
		};
		C1F55A272EDC1D600055EE2E /* Products */ = {
			isa = PBXGroup;
			children = (
				C1F55A262EDC1D600055EE2E /* Week14_MST */,
				C1F55A342EDC1D7B0055EE2E /* 14-1 */,
				C1F55A3F2EDC1D850055EE2E /* 14-2 */,
			);
			name = Products;
			sourceTree = "<group>";
		};
/* End PBXGroup section */

/* Begin PBXNativeTarget section */
		C1F55A252EDC1D600055EE2E /* Week14_MST */ = {
			isa = PBXNativeTarget;
			buildConfigurationList = C1F55A2D2EDC1D600055EE2E /* Build configuration list for PBXNativeTarget "Week14_MST" */;
			buildPhases = (
				C1F55A222EDC1D600055EE2E /* Sources */,
				C1F55A232EDC1D600055EE2E /* Frameworks */,
				C1F55A242EDC1D600055EE2E /* CopyFiles */,
			);
			buildRules = (
			);
			dependencies = (
			);
			name = Week14_MST;
			packageProductDependencies = (
			);
			productName = Week14_MST;
			productReference = C1F55A262EDC1D600055EE2E /* Week14_MST */;
			productType = "com.apple.product-type.tool";
		};
		C1F55A332EDC1D7B0055EE2E /* 14-1 */ = {
			isa = PBXNativeTarget;
			buildConfigurationList = C1F55A382EDC1D7B0055EE2E /* Build configuration list for PBXNativeTarget "14-1" */;
			buildPhases = (
				C1F55A302EDC1D7B0055EE2E /* Sources */,
				C1F55A312EDC1D7B0055EE2E /* Frameworks */,
				C1F55A322EDC1D7B0055EE2E /* CopyFiles */,
			);
			buildRules = (
			);
			dependencies = (
			);
			fileSystemSynchronizedGroups = (
				C1F55A352EDC1D7B0055EE2E /* 14-1 */,
			);
			name = "14-1";
			packageProductDependencies = (
			);
			productName = "14-1";
			productReference = C1F55A342EDC1D7B0055EE2E /* 14-1 */;
			productType = "com.apple.product-type.tool";
		};
		C1F55A3E2EDC1D850055EE2E /* 14-2 */ = {
			isa = PBXNativeTarget;
			buildConfigurationList = C1F55A432EDC1D850055EE2E /* Build configuration list for PBXNativeTarget "14-2" */;
			buildPhases = (
				C1F55A3B2EDC1D850055EE2E /* Sources */,
				C1F55A3C2EDC1D850055EE2E /* Frameworks */,
				C1F55A3D2EDC1D850055EE2E /* CopyFiles */,
			);
			buildRules = (
			);
			dependencies = (
			);
			fileSystemSynchronizedGroups = (
				C1F55A402EDC1D850055EE2E /* 14-2 */,
			);
			name = "14-2";
			packageProductDependencies = (
			);
			productName = "14-2";
			productReference = C1F55A3F2EDC1D850055EE2E /* 14-2 */;
			productType = "com.apple.product-type.tool";
		};
/* End PBXNativeTarget section */

/* Begin PBXProject section */
		C1F55A1E2EDC1D600055EE2E /* Project object */ = {
			isa = PBXProject;
			attributes = {
				BuildIndependentTargetsInParallel = 1;
				LastUpgradeCheck = 2610;
				TargetAttributes = {
					C1F55A252EDC1D600055EE2E = {
						CreatedOnToolsVersion = 26.1.1;
					};
					C1F55A332EDC1D7B0055EE2E = {
						CreatedOnToolsVersion = 26.1.1;
					};
					C1F55A3E2EDC1D850055EE2E = {
						CreatedOnToolsVersion = 26.1.1;
					};
				};
			};
			buildConfigurationList = C1F55A212EDC1D600055EE2E /* Build configuration list for PBXProject "Week14_MST" */;
			developmentRegion = en;
			hasScannedForEncodings = 0;
			knownRegions = (
				en,
				Base,
			);
			mainGroup = C1F55A1D2EDC1D600055EE2E;
			minimizedProjectReferenceProxies = 1;
			preferredProjectObjectVersion = 77;
			productRefGroup = C1F55A272EDC1D600055EE2E /* Products */;
			projectDirPath = "";
			projectRoot = "";
			targets = (
				C1F55A252EDC1D600055EE2E /* Week14_MST */,
				C1F55A332EDC1D7B0055EE2E /* 14-1 */,
				C1F55A3E2EDC1D850055EE2E /* 14-2 */,
			);
		};
/* End PBXProject section */

/* Begin PBXSourcesBuildPhase section */
		C1F55A222EDC1D600055EE2E /* Sources */ = {
			isa = PBXSourcesBuildPhase;
			buildActionMask = 2147483647;
			files = (
			);
			runOnlyForDeploymentPostprocessing = 0;
		};
		C1F55A302EDC1D7B0055EE2E /* Sources */ = {
			isa = PBXSourcesBuildPhase;
			buildActionMask = 2147483647;
			files = (
			);
			runOnlyForDeploymentPostprocessing = 0;
		};
		C1F55A3B2EDC1D850055EE2E /* Sources */ = {
			isa = PBXSourcesBuildPhase;
			buildActionMask = 2147483647;
			files = (
			);
			runOnlyForDeploymentPostprocessing = 0;
		};
/* End PBXSourcesBuildPhase section */

/* Begin XCBuildConfiguration section */
		C1F55A2B2EDC1D600055EE2E /* Debug */ = {
			isa = XCBuildConfiguration;
			buildSettings = {
				ALWAYS_SEARCH_USER_PATHS = NO;
				ASSETCATALOG_COMPILER_GENERATE_SWIFT_ASSET_SYMBOL_EXTENSIONS = YES;
				CLANG_ANALYZER_NONNULL = YES;
				CLANG_ANALYZER_NUMBER_OBJECT_CONVERSION = YES_AGGRESSIVE;
				CLANG_CXX_LANGUAGE_STANDARD = "gnu++20";
				CLANG_ENABLE_MODULES = YES;
				CLANG_ENABLE_OBJC_ARC = YES;
				CLANG_ENABLE_OBJC_WEAK = YES;
				CLANG_WARN_BLOCK_CAPTURE_AUTORELEASING = YES;
				CLANG_WARN_BOOL_CONVERSION = YES;
				CLANG_WARN_COMMA = YES;
				CLANG_WARN_CONSTANT_CONVERSION = YES;
				CLANG_WARN_DEPRECATED_OBJC_IMPLEMENTATIONS = YES;
				CLANG_WARN_DIRECT_OBJC_ISA_USAGE = YES_ERROR;
				CLANG_WARN_DOCUMENTATION_COMMENTS = YES;
				CLANG_WARN_EMPTY_BODY = YES;
				CLANG_WARN_ENUM_CONVERSION = YES;
				CLANG_WARN_INFINITE_RECURSION = YES;
				CLANG_WARN_INT_CONVERSION = YES;
				CLANG_WARN_NON_LITERAL_NULL_CONVERSION = YES;
				CLANG_WARN_OBJC_IMPLICIT_RETAIN_SELF = YES;
				CLANG_WARN_OBJC_LITERAL_CONVERSION = YES;
				CLANG_WARN_OBJC_ROOT_CLASS = YES_ERROR;
				CLANG_WARN_QUOTED_INCLUDE_IN_FRAMEWORK_HEADER = YES;
				CLANG_WARN_RANGE_LOOP_ANALYSIS = YES;
				CLANG_WARN_STRICT_PROTOTYPES = YES;
				CLANG_WARN_SUSPICIOUS_MOVE = YES;
				CLANG_WARN_UNGUARDED_AVAILABILITY = YES_AGGRESSIVE;
				CLANG_WARN_UNREACHABLE_CODE = YES;
				CLANG_WARN__DUPLICATE_METHOD_MATCH = YES;
				COPY_PHASE_STRIP = NO;
				DEBUG_INFORMATION_FORMAT = dwarf;
				ENABLE_STRICT_OBJC_MSGSEND = YES;
				ENABLE_TESTABILITY = YES;
				ENABLE_USER_SCRIPT_SANDBOXING = YES;
				GCC_C_LANGUAGE_STANDARD = gnu17;
				GCC_DYNAMIC_NO_PIC = NO;
				GCC_NO_COMMON_BLOCKS = YES;
				GCC_OPTIMIZATION_LEVEL = 0;
				GCC_PREPROCESSOR_DEFINITIONS = (
					"DEBUG=1",
					"$(inherited)",
				);
				GCC_WARN_64_TO_32_BIT_CONVERSION = YES;
				GCC_WARN_ABOUT_RETURN_TYPE = YES_ERROR;
				GCC_WARN_UNDECLARED_SELECTOR = YES;
				GCC_WARN_UNINITIALIZED_AUTOS = YES_AGGRESSIVE;
				GCC_WARN_UNUSED_FUNCTION = YES;
				GCC_WARN_UNUSED_VARIABLE = YES;
				LOCALIZATION_PREFERS_STRING_CATALOGS = YES;
				MACOSX_DEPLOYMENT_TARGET = 15.6;
				MTL_ENABLE_DEBUG_INFO = INCLUDE_SOURCE;
				MTL_FAST_MATH = YES;
				ONLY_ACTIVE_ARCH = YES;
				SDKROOT = macosx;
			};
			name = Debug;
		};
		C1F55A2C2EDC1D600055EE2E /* Release */ = {
			isa = XCBuildConfiguration;
			buildSettings = {
				ALWAYS_SEARCH_USER_PATHS = NO;
				ASSETCATALOG_COMPILER_GENERATE_SWIFT_ASSET_SYMBOL_EXTENSIONS = YES;
				CLANG_ANALYZER_NONNULL = YES;
				CLANG_ANALYZER_NUMBER_OBJECT_CONVERSION = YES_AGGRESSIVE;
				CLANG_CXX_LANGUAGE_STANDARD = "gnu++20";
				CLANG_ENABLE_MODULES = YES;
				CLANG_ENABLE_OBJC_ARC = YES;
				CLANG_ENABLE_OBJC_WEAK = YES;
				CLANG_WARN_BLOCK_CAPTURE_AUTORELEASING = YES;
				CLANG_WARN_BOOL_CONVERSION = YES;
				CLANG_WARN_COMMA = YES;
				CLANG_WARN_CONSTANT_CONVERSION = YES;
				CLANG_WARN_DEPRECATED_OBJC_IMPLEMENTATIONS = YES;
				CLANG_WARN_DIRECT_OBJC_ISA_USAGE = YES_ERROR;
				CLANG_WARN_DOCUMENTATION_COMMENTS = YES;
				CLANG_WARN_EMPTY_BODY = YES;
				CLANG_WARN_ENUM_CONVERSION = YES;
				CLANG_WARN_INFINITE_RECURSION = YES;
				CLANG_WARN_INT_CONVERSION = YES;
				CLANG_WARN_NON_LITERAL_NULL_CONVERSION = YES;
				CLANG_WARN_OBJC_IMPLICIT_RETAIN_SELF = YES;
				CLANG_WARN_OBJC_LITERAL_CONVERSION = YES;
				CLANG_WARN_OBJC_ROOT_CLASS = YES_ERROR;
				CLANG_WARN_QUOTED_INCLUDE_IN_FRAMEWORK_HEADER = YES;
				CLANG_WARN_RANGE_LOOP_ANALYSIS = YES;
				CLANG_WARN_STRICT_PROTOTYPES = YES;
				CLANG_WARN_SUSPICIOUS_MOVE = YES;
				CLANG_WARN_UNGUARDED_AVAILABILITY = YES_AGGRESSIVE;
				CLANG_WARN_UNREACHABLE_CODE = YES;
				CLANG_WARN__DUPLICATE_METHOD_MATCH = YES;
				COPY_PHASE_STRIP = NO;
				DEBUG_INFORMATION_FORMAT = "dwarf-with-dsym";
				ENABLE_NS_ASSERTIONS = NO;
				ENABLE_STRICT_OBJC_MSGSEND = YES;
				ENABLE_USER_SCRIPT_SANDBOXING = YES;
				GCC_C_LANGUAGE_STANDARD = gnu17;
				GCC_NO_COMMON_BLOCKS = YES;
				GCC_WARN_64_TO_32_BIT_CONVERSION = YES;
				GCC_WARN_ABOUT_RETURN_TYPE = YES_ERROR;
				GCC_WARN_UNDECLARED_SELECTOR = YES;
				GCC_WARN_UNINITIALIZED_AUTOS = YES_AGGRESSIVE;
				GCC_WARN_UNUSED_FUNCTION = YES;
				GCC_WARN_UNUSED_VARIABLE = YES;
				LOCALIZATION_PREFERS_STRING_CATALOGS = YES;
				MACOSX_DEPLOYMENT_TARGET = 15.6;
				MTL_ENABLE_DEBUG_INFO = NO;
				MTL_FAST_MATH = YES;
				SDKROOT = macosx;
			};
			name = Release;
		};
		C1F55A2E2EDC1D600055EE2E /* Debug */ = {
			isa = XCBuildConfiguration;
			buildSettings = {
				CODE_SIGN_STYLE = Automatic;
				PRODUCT_NAME = "$(TARGET_NAME)";
			};
			name = Debug;
		};
		C1F55A2F2EDC1D600055EE2E /* Release */ = {
			isa = XCBuildConfiguration;
			buildSettings = {
				CODE_SIGN_STYLE = Automatic;
				PRODUCT_NAME = "$(TARGET_NAME)";
			};
			name = Release;
		};
		C1F55A392EDC1D7B0055EE2E /* Debug */ = {
			isa = XCBuildConfiguration;
			buildSettings = {
				CODE_SIGN_STYLE = Automatic;
				PRODUCT_NAME = "$(TARGET_NAME)";
			};
			name = Debug;
		};
		C1F55A3A2EDC1D7B0055EE2E /* Release */ = {
			isa = XCBuildConfiguration;
			buildSettings = {
				CODE_SIGN_STYLE = Automatic;
				PRODUCT_NAME = "$(TARGET_NAME)";
			};
			name = Release;
		};
		C1F55A442EDC1D850055EE2E /* Debug */ = {
			isa = XCBuildConfiguration;
			buildSettings = {
				CODE_SIGN_STYLE = Automatic;
				PRODUCT_NAME = "$(TARGET_NAME)";
			};
			name = Debug;
		};
		C1F55A452EDC1D850055EE2E /* Release */ = {
			isa = XCBuildConfiguration;
			buildSettings = {
				CODE_SIGN_STYLE = Automatic;
				PRODUCT_NAME = "$(TARGET_NAME)";
			};
			name = Release;
		};
/* End XCBuildConfiguration section */

/* Begin XCConfigurationList section */
		C1F55A212EDC1D600055EE2E /* Build configuration list for PBXProject "Week14_MST" */ = {
			isa = XCConfigurationList;
			buildConfigurations = (
				C1F55A2B2EDC1D600055EE2E /* Debug */,
				C1F55A2C2EDC1D600055EE2E /* Release */,
			);
			defaultConfigurationIsVisible = 0;
			defaultConfigurationName = Release;
		};
		C1F55A2D2EDC1D600055EE2E /* Build configuration list for PBXNativeTarget "Week14_MST" */ = {
			isa = XCConfigurationList;
			buildConfigurations = (
				C1F55A2E2EDC1D600055EE2E /* Debug */,
				C1F55A2F2EDC1D600055EE2E /* Release */,
			);
			defaultConfigurationIsVisible = 0;
			defaultConfigurationName = Release;
		};
		C1F55A382EDC1D7B0055EE2E /* Build configuration list for PBXNativeTarget "14-1" */ = {
			isa = XCConfigurationList;
			buildConfigurations = (
				C1F55A392EDC1D7B0055EE2E /* Debug */,
				C1F55A3A2EDC1D7B0055EE2E /* Release */,
			);
			defaultConfigurationIsVisible = 0;
			defaultConfigurationName = Release;
		};
		C1F55A432EDC1D850055EE2E /* Build configuration list for PBXNativeTarget "14-2" */ = {
			isa = XCConfigurationList;
			buildConfigurations = (
				C1F55A442EDC1D850055EE2E /* Debug */,
				C1F55A452EDC1D850055EE2E /* Release */,
			);
			defaultConfigurationIsVisible = 0;
			defaultConfigurationName = Release;
		};
/* End XCConfigurationList section */
	};
	rootObject = C1F55A1E2EDC1D600055EE2E /* Project object */;
}
